// !$*UTF8*$!
{
	archiveVersion = 1;
	classes = {
	};
	objectVersion = 60;
	objects = {

/* Begin PBXBuildFile section */
		810F5EBC2C3C4F8C001AD056 /* SwiftDataWidgetApp.swift in Sources */ = {isa = PBXBuildFile; fileRef = 810F5EBB2C3C4F8C001AD056 /* SwiftDataWidgetApp.swift */; };
		810F5EBE2C3C4F8C001AD056 /* ContentView.swift in Sources */ = {isa = PBXBuildFile; fileRef = 810F5EBD2C3C4F8C001AD056 /* ContentView.swift */; };
		810F5EC02C3C4F8D001AD056 /* Assets.xcassets in Resources */ = {isa = PBXBuildFile; fileRef = 810F5EBF2C3C4F8D001AD056 /* Assets.xcassets */; };
		810F5EC32C3C4F8D001AD056 /* Preview Assets.xcassets in Resources */ = {isa = PBXBuildFile; fileRef = 810F5EC22C3C4F8D001AD056 /* Preview Assets.xcassets */; };
		810F5ECA2C3C78C3001AD056 /* Thing.swift in Sources */ = {isa = PBXBuildFile; fileRef = 810F5EC92C3C78C3001AD056 /* Thing.swift */; };
		810F5ECC2C3C8371001AD056 /* DataModel.swift in Sources */ = {isa = PBXBuildFile; fileRef = 810F5ECB2C3C8371001AD056 /* DataModel.swift */; };
		810F5ED42C3C85FC001AD056 /* WidgetKit.framework in Frameworks */ = {isa = PBXBuildFile; fileRef = 810F5ED32C3C85FC001AD056 /* WidgetKit.framework */; };
		810F5ED62C3C85FC001AD056 /* SwiftUI.framework in Frameworks */ = {isa = PBXBuildFile; fileRef = 810F5ED52C3C85FC001AD056 /* SwiftUI.framework */; };
		810F5ED92C3C85FC001AD056 /* ThingWidgetBundle.swift in Sources */ = {isa = PBXBuildFile; fileRef = 810F5ED82C3C85FC001AD056 /* ThingWidgetBundle.swift */; };
		810F5EDD2C3C85FC001AD056 /* ThingWidget.swift in Sources */ = {isa = PBXBuildFile; fileRef = 810F5EDC2C3C85FC001AD056 /* ThingWidget.swift */; };
		810F5EDF2C3C85FC001AD056 /* CountIntent.swift in Sources */ = {isa = PBXBuildFile; fileRef = 810F5EDE2C3C85FC001AD056 /* CountIntent.swift */; };
		810F5EE12C3C85FD001AD056 /* Assets.xcassets in Resources */ = {isa = PBXBuildFile; fileRef = 810F5EE02C3C85FD001AD056 /* Assets.xcassets */; };
		810F5EE52C3C85FD001AD056 /* ThingWidgetExtension.appex in Embed Foundation Extensions */ = {isa = PBXBuildFile; fileRef = 810F5ED12C3C85FC001AD056 /* ThingWidgetExtension.appex */; settings = {ATTRIBUTES = (RemoveHeadersOnCopy, ); }; };
		813D16DF2C3C9181005E58A1 /* Thing.swift in Sources */ = {isa = PBXBuildFile; fileRef = 810F5EC92C3C78C3001AD056 /* Thing.swift */; };
		813D16E02C3C92F6005E58A1 /* DataModel.swift in Sources */ = {isa = PBXBuildFile; fileRef = 810F5ECB2C3C8371001AD056 /* DataModel.swift */; };
		8182EE992C3DB2A400623043 /* PreviewSampleData.swift in Sources */ = {isa = PBXBuildFile; fileRef = 8182EE982C3DB29E00623043 /* PreviewSampleData.swift */; };
/* End PBXBuildFile section */

/* Begin PBXContainerItemProxy section */
		810F5EE32C3C85FD001AD056 /* PBXContainerItemProxy */ = {
			isa = PBXContainerItemProxy;
			containerPortal = 810F5EB02C3C4F8C001AD056 /* Project object */;
			proxyType = 1;
			remoteGlobalIDString = 810F5ED02C3C85FC001AD056;
			remoteInfo = ThingWidgetExtension;
		};
/* End PBXContainerItemProxy section */

/* Begin PBXCopyFilesBuildPhase section */
		810F5EE92C3C85FD001AD056 /* Embed Foundation Extensions */ = {
			isa = PBXCopyFilesBuildPhase;
			buildActionMask = 2147483647;
			dstPath = "";
			dstSubfolderSpec = 13;
			files = (
				810F5EE52C3C85FD001AD056 /* ThingWidgetExtension.appex in Embed Foundation Extensions */,
			);
			name = "Embed Foundation Extensions";
			runOnlyForDeploymentPostprocessing = 0;
		};
/* End PBXCopyFilesBuildPhase section */

/* Begin PBXFileReference section */
		810F5EB82C3C4F8C001AD056 /* SwiftDataWidget.app */ = {isa = PBXFileReference; explicitFileType = wrapper.application; includeInIndex = 0; path = SwiftDataWidget.app; sourceTree = BUILT_PRODUCTS_DIR; };
		810F5EBB2C3C4F8C001AD056 /* SwiftDataWidgetApp.swift */ = {isa = PBXFileReference; lastKnownFileType = sourcecode.swift; path = SwiftDataWidgetApp.swift; sourceTree = "<group>"; };
		810F5EBD2C3C4F8C001AD056 /* ContentView.swift */ = {isa = PBXFileReference; lastKnownFileType = sourcecode.swift; path = ContentView.swift; sourceTree = "<group>"; };
		810F5EBF2C3C4F8D001AD056 /* Assets.xcassets */ = {isa = PBXFileReference; lastKnownFileType = folder.assetcatalog; path = Assets.xcassets; sourceTree = "<group>"; };
		810F5EC22C3C4F8D001AD056 /* Preview Assets.xcassets */ = {isa = PBXFileReference; lastKnownFileType = folder.assetcatalog; path = "Preview Assets.xcassets"; sourceTree = "<group>"; };
		810F5EC92C3C78C3001AD056 /* Thing.swift */ = {isa = PBXFileReference; lastKnownFileType = sourcecode.swift; path = Thing.swift; sourceTree = "<group>"; };
		810F5ECB2C3C8371001AD056 /* DataModel.swift */ = {isa = PBXFileReference; lastKnownFileType = sourcecode.swift; path = DataModel.swift; sourceTree = "<group>"; };
		810F5ED12C3C85FC001AD056 /* ThingWidgetExtension.appex */ = {isa = PBXFileReference; explicitFileType = "wrapper.app-extension"; includeInIndex = 0; path = ThingWidgetExtension.appex; sourceTree = BUILT_PRODUCTS_DIR; };
		810F5ED32C3C85FC001AD056 /* WidgetKit.framework */ = {isa = PBXFileReference; lastKnownFileType = wrapper.framework; name = WidgetKit.framework; path = System/Library/Frameworks/WidgetKit.framework; sourceTree = SDKROOT; };
		810F5ED52C3C85FC001AD056 /* SwiftUI.framework */ = {isa = PBXFileReference; lastKnownFileType = wrapper.framework; name = SwiftUI.framework; path = System/Library/Frameworks/SwiftUI.framework; sourceTree = SDKROOT; };
		810F5ED82C3C85FC001AD056 /* ThingWidgetBundle.swift */ = {isa = PBXFileReference; lastKnownFileType = sourcecode.swift; path = ThingWidgetBundle.swift; sourceTree = "<group>"; };
		810F5EDC2C3C85FC001AD056 /* ThingWidget.swift */ = {isa = PBXFileReference; lastKnownFileType = sourcecode.swift; path = ThingWidget.swift; sourceTree = "<group>"; };
		810F5EDE2C3C85FC001AD056 /* CountIntent.swift */ = {isa = PBXFileReference; lastKnownFileType = sourcecode.swift; path = CountIntent.swift; sourceTree = "<group>"; };
		810F5EE02C3C85FD001AD056 /* Assets.xcassets */ = {isa = PBXFileReference; lastKnownFileType = folder.assetcatalog; path = Assets.xcassets; sourceTree = "<group>"; };
		810F5EE22C3C85FD001AD056 /* Info.plist */ = {isa = PBXFileReference; lastKnownFileType = text.plist.xml; path = Info.plist; sourceTree = "<group>"; };
		810F5EEA2C3C862E001AD056 /* SwiftDataWidget.entitlements */ = {isa = PBXFileReference; lastKnownFileType = text.plist.entitlements; path = SwiftDataWidget.entitlements; sourceTree = "<group>"; };
		810F5EEB2C3C864E001AD056 /* ThingWidgetExtension.entitlements */ = {isa = PBXFileReference; lastKnownFileType = text.plist.entitlements; path = ThingWidgetExtension.entitlements; sourceTree = SOURCE_ROOT; };
		8182EE982C3DB29E00623043 /* PreviewSampleData.swift */ = {isa = PBXFileReference; lastKnownFileType = sourcecode.swift; path = PreviewSampleData.swift; sourceTree = "<group>"; };
/* End PBXFileReference section */

/* Begin PBXFrameworksBuildPhase section */
		810F5EB52C3C4F8C001AD056 /* Frameworks */ = {
			isa = PBXFrameworksBuildPhase;
			buildActionMask = 2147483647;
			files = (
			);
			runOnlyForDeploymentPostprocessing = 0;
		};
		810F5ECE2C3C85FC001AD056 /* Frameworks */ = {
			isa = PBXFrameworksBuildPhase;
			buildActionMask = 2147483647;
			files = (
				810F5ED62C3C85FC001AD056 /* SwiftUI.framework in Frameworks */,
				810F5ED42C3C85FC001AD056 /* WidgetKit.framework in Frameworks */,
			);
			runOnlyForDeploymentPostprocessing = 0;
		};
/* End PBXFrameworksBuildPhase section */

/* Begin PBXGroup section */
		810F5EAF2C3C4F8C001AD056 = {
			isa = PBXGroup;
			children = (
				810F5EBA2C3C4F8C001AD056 /* SwiftDataWidget */,
				810F5ED72C3C85FC001AD056 /* ThingWidget */,
				810F5ED22C3C85FC001AD056 /* Frameworks */,
				810F5EB92C3C4F8C001AD056 /* Products */,
			);
			sourceTree = "<group>";
		};
		810F5EB92C3C4F8C001AD056 /* Products */ = {
			isa = PBXGroup;
			children = (
				810F5EB82C3C4F8C001AD056 /* SwiftDataWidget.app */,
				810F5ED12C3C85FC001AD056 /* ThingWidgetExtension.appex */,
			);
			name = Products;
			sourceTree = "<group>";
		};
		810F5EBA2C3C4F8C001AD056 /* SwiftDataWidget */ = {
			isa = PBXGroup;
			children = (
				810F5EEA2C3C862E001AD056 /* SwiftDataWidget.entitlements */,
				810F5EBB2C3C4F8C001AD056 /* SwiftDataWidgetApp.swift */,
				810F5EBD2C3C4F8C001AD056 /* ContentView.swift */,
				810F5ECB2C3C8371001AD056 /* DataModel.swift */,
				810F5EC92C3C78C3001AD056 /* Thing.swift */,
				810F5EBF2C3C4F8D001AD056 /* Assets.xcassets */,
				810F5EC12C3C4F8D001AD056 /* Preview Content */,
			);
			path = SwiftDataWidget;
			sourceTree = "<group>";
		};
		810F5EC12C3C4F8D001AD056 /* Preview Content */ = {
			isa = PBXGroup;
			children = (
				810F5EC22C3C4F8D001AD056 /* Preview Assets.xcassets */,
				8182EE982C3DB29E00623043 /* PreviewSampleData.swift */,
			);
			path = "Preview Content";
			sourceTree = "<group>";
		};
		810F5ED22C3C85FC001AD056 /* Frameworks */ = {
			isa = PBXGroup;
			children = (
				810F5ED32C3C85FC001AD056 /* WidgetKit.framework */,
				810F5ED52C3C85FC001AD056 /* SwiftUI.framework */,
			);
			name = Frameworks;
			sourceTree = "<group>";
		};
		810F5ED72C3C85FC001AD056 /* ThingWidget */ = {
			isa = PBXGroup;
			children = (
				810F5EEB2C3C864E001AD056 /* ThingWidgetExtension.entitlements */,
				810F5ED82C3C85FC001AD056 /* ThingWidgetBundle.swift */,
				810F5EDC2C3C85FC001AD056 /* ThingWidget.swift */,
				810F5EDE2C3C85FC001AD056 /* CountIntent.swift */,
				810F5EE02C3C85FD001AD056 /* Assets.xcassets */,
				810F5EE22C3C85FD001AD056 /* Info.plist */,
			);
			path = ThingWidget;
			sourceTree = "<group>";
		};
/* End PBXGroup section */

/* Begin PBXNativeTarget section */
		810F5EB72C3C4F8C001AD056 /* SwiftDataWidget */ = {
			isa = PBXNativeTarget;
			buildConfigurationList = 810F5EC62C3C4F8D001AD056 /* Build configuration list for PBXNativeTarget "SwiftDataWidget" */;
			buildPhases = (
				810F5EB42C3C4F8C001AD056 /* Sources */,
				810F5EB52C3C4F8C001AD056 /* Frameworks */,
				810F5EB62C3C4F8C001AD056 /* Resources */,
				810F5EE92C3C85FD001AD056 /* Embed Foundation Extensions */,
			);
			buildRules = (
			);
			dependencies = (
				810F5EE42C3C85FD001AD056 /* PBXTargetDependency */,
			);
			name = SwiftDataWidget;
			productName = SwiftDataWidget;
			productReference = 810F5EB82C3C4F8C001AD056 /* SwiftDataWidget.app */;
			productType = "com.apple.product-type.application";
		};
		810F5ED02C3C85FC001AD056 /* ThingWidgetExtension */ = {
			isa = PBXNativeTarget;
			buildConfigurationList = 810F5EE62C3C85FD001AD056 /* Build configuration list for PBXNativeTarget "ThingWidgetExtension" */;
			buildPhases = (
				810F5ECD2C3C85FC001AD056 /* Sources */,
				810F5ECE2C3C85FC001AD056 /* Frameworks */,
				810F5ECF2C3C85FC001AD056 /* Resources */,
			);
			buildRules = (
			);
			dependencies = (
			);
			name = ThingWidgetExtension;
			productName = ThingWidgetExtension;
			productReference = 810F5ED12C3C85FC001AD056 /* ThingWidgetExtension.appex */;
			productType = "com.apple.product-type.app-extension";
		};
/* End PBXNativeTarget section */

/* Begin PBXProject section */
		810F5EB02C3C4F8C001AD056 /* Project object */ = {
			isa = PBXProject;
			attributes = {
				BuildIndependentTargetsInParallel = 1;
				LastSwiftUpdateCheck = 1600;
				LastUpgradeCheck = 1600;
				TargetAttributes = {
					810F5EB72C3C4F8C001AD056 = {
						CreatedOnToolsVersion = 16.0;
					};
					810F5ED02C3C85FC001AD056 = {
						CreatedOnToolsVersion = 16.0;
					};
				};
			};
			buildConfigurationList = 810F5EB32C3C4F8C001AD056 /* Build configuration list for PBXProject "SwiftDataWidget" */;
			compatibilityVersion = "Xcode 15.0";
			developmentRegion = en;
			hasScannedForEncodings = 0;
			knownRegions = (
				en,
				Base,
			);
			mainGroup = 810F5EAF2C3C4F8C001AD056;
			productRefGroup = 810F5EB92C3C4F8C001AD056 /* Products */;
			projectDirPath = "";
			projectRoot = "";
			targets = (
				810F5EB72C3C4F8C001AD056 /* SwiftDataWidget */,
				810F5ED02C3C85FC001AD056 /* ThingWidgetExtension */,
			);
		};
/* End PBXProject section */

/* Begin PBXResourcesBuildPhase section */
		810F5EB62C3C4F8C001AD056 /* Resources */ = {
			isa = PBXResourcesBuildPhase;
			buildActionMask = 2147483647;
			files = (
				810F5EC32C3C4F8D001AD056 /* Preview Assets.xcassets in Resources */,
				810F5EC02C3C4F8D001AD056 /* Assets.xcassets in Resources */,
			);
			runOnlyForDeploymentPostprocessing = 0;
		};
		810F5ECF2C3C85FC001AD056 /* Resources */ = {
			isa = PBXResourcesBuildPhase;
			buildActionMask = 2147483647;
			files = (
				810F5EE12C3C85FD001AD056 /* Assets.xcassets in Resources */,
			);
			runOnlyForDeploymentPostprocessing = 0;
		};
/* End PBXResourcesBuildPhase section */

/* Begin PBXSourcesBuildPhase section */
		810F5EB42C3C4F8C001AD056 /* Sources */ = {
			isa = PBXSourcesBuildPhase;
			buildActionMask = 2147483647;
			files = (
				810F5EBE2C3C4F8C001AD056 /* ContentView.swift in Sources */,
				810F5ECC2C3C8371001AD056 /* DataModel.swift in Sources */,
				8182EE992C3DB2A400623043 /* PreviewSampleData.swift in Sources */,
				810F5ECA2C3C78C3001AD056 /* Thing.swift in Sources */,
				810F5EBC2C3C4F8C001AD056 /* SwiftDataWidgetApp.swift in Sources */,
			);
			runOnlyForDeploymentPostprocessing = 0;
		};
		810F5ECD2C3C85FC001AD056 /* Sources */ = {
			isa = PBXSourcesBuildPhase;
			buildActionMask = 2147483647;
			files = (
				810F5EDF2C3C85FC001AD056 /* CountIntent.swift in Sources */,
				810F5ED92C3C85FC001AD056 /* ThingWidgetBundle.swift in Sources */,
				813D16DF2C3C9181005E58A1 /* Thing.swift in Sources */,
				810F5EDD2C3C85FC001AD056 /* ThingWidget.swift in Sources */,
				813D16E02C3C92F6005E58A1 /* DataModel.swift in Sources */,
			);
			runOnlyForDeploymentPostprocessing = 0;
		};
/* End PBXSourcesBuildPhase section */

/* Begin PBXTargetDependency section */
		810F5EE42C3C85FD001AD056 /* PBXTargetDependency */ = {
			isa = PBXTargetDependency;
			target = 810F5ED02C3C85FC001AD056 /* ThingWidgetExtension */;
			targetProxy = 810F5EE32C3C85FD001AD056 /* PBXContainerItemProxy */;
		};
/* End PBXTargetDependency section */

/* Begin XCBuildConfiguration section */
		810F5EC42C3C4F8D001AD056 /* Debug */ = {
			isa = XCBuildConfiguration;
			buildSettings = {
				ALWAYS_SEARCH_USER_PATHS = NO;
				ASSETCATALOG_COMPILER_GENERATE_SWIFT_ASSET_SYMBOL_EXTENSIONS = YES;
				CLANG_ANALYZER_NONNULL = YES;
				CLANG_ANALYZER_NUMBER_OBJECT_CONVERSION = YES_AGGRESSIVE;
				CLANG_CXX_LANGUAGE_STANDARD = "gnu++20";
				CLANG_ENABLE_MODULES = YES;
				CLANG_ENABLE_OBJC_ARC = YES;
				CLANG_ENABLE_OBJC_WEAK = YES;
				CLANG_WARN_BLOCK_CAPTURE_AUTORELEASING = YES;
				CLANG_WARN_BOOL_CONVERSION = YES;
				CLANG_WARN_COMMA = YES;
				CLANG_WARN_CONSTANT_CONVERSION = YES;
				CLANG_WARN_DEPRECATED_OBJC_IMPLEMENTATIONS = YES;
				CLANG_WARN_DIRECT_OBJC_ISA_USAGE = YES_ERROR;
				CLANG_WARN_DOCUMENTATION_COMMENTS = YES;
				CLANG_WARN_EMPTY_BODY = YES;
				CLANG_WARN_ENUM_CONVERSION = YES;
				CLANG_WARN_INFINITE_RECURSION = YES;
				CLANG_WARN_INT_CONVERSION = YES;
				CLANG_WARN_NON_LITERAL_NULL_CONVERSION = YES;
				CLANG_WARN_OBJC_IMPLICIT_RETAIN_SELF = YES;
				CLANG_WARN_OBJC_LITERAL_CONVERSION = YES;
				CLANG_WARN_OBJC_ROOT_CLASS = YES_ERROR;
				CLANG_WARN_QUOTED_INCLUDE_IN_FRAMEWORK_HEADER = YES;
				CLANG_WARN_RANGE_LOOP_ANALYSIS = YES;
				CLANG_WARN_STRICT_PROTOTYPES = YES;
				CLANG_WARN_SUSPICIOUS_MOVE = YES;
				CLANG_WARN_UNGUARDED_AVAILABILITY = YES_AGGRESSIVE;
				CLANG_WARN_UNREACHABLE_CODE = YES;
				CLANG_WARN__DUPLICATE_METHOD_MATCH = YES;
				COPY_PHASE_STRIP = NO;
				DEBUG_INFORMATION_FORMAT = dwarf;
				ENABLE_STRICT_OBJC_MSGSEND = YES;
				ENABLE_TESTABILITY = YES;
				ENABLE_USER_SCRIPT_SANDBOXING = YES;
				GCC_C_LANGUAGE_STANDARD = gnu17;
				GCC_DYNAMIC_NO_PIC = NO;
				GCC_NO_COMMON_BLOCKS = YES;
				GCC_OPTIMIZATION_LEVEL = 0;
				GCC_PREPROCESSOR_DEFINITIONS = (
					"DEBUG=1",
					"$(inherited)",
				);
				GCC_WARN_64_TO_32_BIT_CONVERSION = YES;
				GCC_WARN_ABOUT_RETURN_TYPE = YES_ERROR;
				GCC_WARN_UNDECLARED_SELECTOR = YES;
				GCC_WARN_UNINITIALIZED_AUTOS = YES_AGGRESSIVE;
				GCC_WARN_UNUSED_FUNCTION = YES;
				GCC_WARN_UNUSED_VARIABLE = YES;
				IPHONEOS_DEPLOYMENT_TARGET = 18.0;
				LOCALIZATION_PREFERS_STRING_CATALOGS = YES;
				MTL_ENABLE_DEBUG_INFO = INCLUDE_SOURCE;
				MTL_FAST_MATH = YES;
				ONLY_ACTIVE_ARCH = YES;
				SDKROOT = iphoneos;
				SWIFT_ACTIVE_COMPILATION_CONDITIONS = "DEBUG $(inherited)";
				SWIFT_OPTIMIZATION_LEVEL = "-Onone";
			};
			name = Debug;
		};
		810F5EC52C3C4F8D001AD056 /* Release */ = {
			isa = XCBuildConfiguration;
			buildSettings = {
				ALWAYS_SEARCH_USER_PATHS = NO;
				ASSETCATALOG_COMPILER_GENERATE_SWIFT_ASSET_SYMBOL_EXTENSIONS = YES;
				CLANG_ANALYZER_NONNULL = YES;
				CLANG_ANALYZER_NUMBER_OBJECT_CONVERSION = YES_AGGRESSIVE;
				CLANG_CXX_LANGUAGE_STANDARD = "gnu++20";
				CLANG_ENABLE_MODULES = YES;
				CLANG_ENABLE_OBJC_ARC = YES;
				CLANG_ENABLE_OBJC_WEAK = YES;
				CLANG_WARN_BLOCK_CAPTURE_AUTORELEASING = YES;
				CLANG_WARN_BOOL_CONVERSION = YES;
				CLANG_WARN_COMMA = YES;
				CLANG_WARN_CONSTANT_CONVERSION = YES;
				CLANG_WARN_DEPRECATED_OBJC_IMPLEMENTATIONS = YES;
				CLANG_WARN_DIRECT_OBJC_ISA_USAGE = YES_ERROR;
				CLANG_WARN_DOCUMENTATION_COMMENTS = YES;
				CLANG_WARN_EMPTY_BODY = YES;
				CLANG_WARN_ENUM_CONVERSION = YES;
				CLANG_WARN_INFINITE_RECURSION = YES;
				CLANG_WARN_INT_CONVERSION = YES;
				CLANG_WARN_NON_LITERAL_NULL_CONVERSION = YES;
				CLANG_WARN_OBJC_IMPLICIT_RETAIN_SELF = YES;
				CLANG_WARN_OBJC_LITERAL_CONVERSION = YES;
				CLANG_WARN_OBJC_ROOT_CLASS = YES_ERROR;
				CLANG_WARN_QUOTED_INCLUDE_IN_FRAMEWORK_HEADER = YES;
				CLANG_WARN_RANGE_LOOP_ANALYSIS = YES;
				CLANG_WARN_STRICT_PROTOTYPES = YES;
				CLANG_WARN_SUSPICIOUS_MOVE = YES;
				CLANG_WARN_UNGUARDED_AVAILABILITY = YES_AGGRESSIVE;
				CLANG_WARN_UNREACHABLE_CODE = YES;
				CLANG_WARN__DUPLICATE_METHOD_MATCH = YES;
				COPY_PHASE_STRIP = NO;
				DEBUG_INFORMATION_FORMAT = "dwarf-with-dsym";
				ENABLE_NS_ASSERTIONS = NO;
				ENABLE_STRICT_OBJC_MSGSEND = YES;
				ENABLE_USER_SCRIPT_SANDBOXING = YES;
				GCC_C_LANGUAGE_STANDARD = gnu17;
				GCC_NO_COMMON_BLOCKS = YES;
				GCC_WARN_64_TO_32_BIT_CONVERSION = YES;
				GCC_WARN_ABOUT_RETURN_TYPE = YES_ERROR;
				GCC_WARN_UNDECLARED_SELECTOR = YES;
				GCC_WARN_UNINITIALIZED_AUTOS = YES_AGGRESSIVE;
				GCC_WARN_UNUSED_FUNCTION = YES;
				GCC_WARN_UNUSED_VARIABLE = YES;
				IPHONEOS_DEPLOYMENT_TARGET = 18.0;
				LOCALIZATION_PREFERS_STRING_CATALOGS = YES;
				MTL_ENABLE_DEBUG_INFO = NO;
				MTL_FAST_MATH = YES;
				SDKROOT = iphoneos;
				SWIFT_COMPILATION_MODE = wholemodule;
				VALIDATE_PRODUCT = YES;
			};
			name = Release;
		};
		810F5EC72C3C4F8D001AD056 /* Debug */ = {
			isa = XCBuildConfiguration;
			buildSettings = {
				ASSETCATALOG_COMPILER_APPICON_NAME = AppIcon;
				ASSETCATALOG_COMPILER_GLOBAL_ACCENT_COLOR_NAME = AccentColor;
				CODE_SIGN_ENTITLEMENTS = SwiftDataWidget/SwiftDataWidget.entitlements;
				CODE_SIGN_STYLE = Automatic;
				CURRENT_PROJECT_VERSION = 1;
				DEVELOPMENT_ASSET_PATHS = "\"SwiftDataWidget/Preview Content\"";
				DEVELOPMENT_TEAM = 5978XLQ85J;
				ENABLE_PREVIEWS = YES;
				GENERATE_INFOPLIST_FILE = YES;
				INFOPLIST_KEY_UIApplicationSceneManifest_Generation = YES;
				INFOPLIST_KEY_UIApplicationSupportsIndirectInputEvents = YES;
				INFOPLIST_KEY_UILaunchScreen_Generation = YES;
				INFOPLIST_KEY_UISupportedInterfaceOrientations_iPad = "UIInterfaceOrientationPortrait UIInterfaceOrientationPortraitUpsideDown UIInterfaceOrientationLandscapeLeft UIInterfaceOrientationLandscapeRight";
				INFOPLIST_KEY_UISupportedInterfaceOrientations_iPhone = "UIInterfaceOrientationPortrait UIInterfaceOrientationLandscapeLeft UIInterfaceOrientationLandscapeRight";
				LD_RUNPATH_SEARCH_PATHS = (
					"$(inherited)",
					"@executable_path/Frameworks",
				);
				MARKETING_VERSION = 1.0;
				PRODUCT_BUNDLE_IDENTIFIER = codefruit.SwiftDataWidget;
				PRODUCT_NAME = "$(TARGET_NAME)";
				SUPPORTED_PLATFORMS = "iphoneos iphonesimulator";
				SUPPORTS_MACCATALYST = NO;
				SUPPORTS_XR_DESIGNED_FOR_IPHONE_IPAD = NO;
				SWIFT_EMIT_LOC_STRINGS = YES;
				SWIFT_VERSION = 5.0;
				TARGETED_DEVICE_FAMILY = "1,2";
			};
			name = Debug;
		};
		810F5EC82C3C4F8D001AD056 /* Release */ = {
			isa = XCBuildConfiguration;
			buildSettings = {
				ASSETCATALOG_COMPILER_APPICON_NAME = AppIcon;
				ASSETCATALOG_COMPILER_GLOBAL_ACCENT_COLOR_NAME = AccentColor;
				CODE_SIGN_ENTITLEMENTS = SwiftDataWidget/SwiftDataWidget.entitlements;
				CODE_SIGN_STYLE = Automatic;
				CURRENT_PROJECT_VERSION = 1;
				DEVELOPMENT_ASSET_PATHS = "\"SwiftDataWidget/Preview Content\"";
				DEVELOPMENT_TEAM = 5978XLQ85J;
				ENABLE_PREVIEWS = YES;
				GENERATE_INFOPLIST_FILE = YES;
				INFOPLIST_KEY_UIApplicationSceneManifest_Generation = YES;
				INFOPLIST_KEY_UIApplicationSupportsIndirectInputEvents = YES;
				INFOPLIST_KEY_UILaunchScreen_Generation = YES;
				INFOPLIST_KEY_UISupportedInterfaceOrientations_iPad = "UIInterfaceOrientationPortrait UIInterfaceOrientationPortraitUpsideDown UIInterfaceOrientationLandscapeLeft UIInterfaceOrientationLandscapeRight";
				INFOPLIST_KEY_UISupportedInterfaceOrientations_iPhone = "UIInterfaceOrientationPortrait UIInterfaceOrientationLandscapeLeft UIInterfaceOrientationLandscapeRight";
				LD_RUNPATH_SEARCH_PATHS = (
					"$(inherited)",
					"@executable_path/Frameworks",
				);
				MARKETING_VERSION = 1.0;
				PRODUCT_BUNDLE_IDENTIFIER = codefruit.SwiftDataWidget;
				PRODUCT_NAME = "$(TARGET_NAME)";
				SUPPORTED_PLATFORMS = "iphoneos iphonesimulator";
				SUPPORTS_MACCATALYST = NO;
				SUPPORTS_XR_DESIGNED_FOR_IPHONE_IPAD = NO;
				SWIFT_EMIT_LOC_STRINGS = YES;
				SWIFT_VERSION = 5.0;
				TARGETED_DEVICE_FAMILY = "1,2";
			};
			name = Release;
		};
		810F5EE72C3C85FD001AD056 /* Debug */ = {
			isa = XCBuildConfiguration;
			buildSettings = {
				ASSETCATALOG_COMPILER_GLOBAL_ACCENT_COLOR_NAME = AccentColor;
				ASSETCATALOG_COMPILER_WIDGET_BACKGROUND_COLOR_NAME = WidgetBackground;
				CODE_SIGN_ENTITLEMENTS = ThingWidgetExtension.entitlements;
				CODE_SIGN_STYLE = Automatic;
				CURRENT_PROJECT_VERSION = 1;
				DEVELOPMENT_TEAM = 5978XLQ85J;
				GENERATE_INFOPLIST_FILE = YES;
				INFOPLIST_FILE = ThingWidget/Info.plist;
				INFOPLIST_KEY_CFBundleDisplayName = ThingWidget;
				INFOPLIST_KEY_NSHumanReadableCopyright = "";
				LD_RUNPATH_SEARCH_PATHS = (
					"$(inherited)",
					"@executable_path/Frameworks",
					"@executable_path/../../Frameworks",
				);
				MARKETING_VERSION = 1.0;
				PRODUCT_BUNDLE_IDENTIFIER = codefruit.SwiftDataWidget.ThingWidget;
				PRODUCT_NAME = "$(TARGET_NAME)";
				SKIP_INSTALL = YES;
				SWIFT_EMIT_LOC_STRINGS = YES;
				SWIFT_VERSION = 5.0;
				TARGETED_DEVICE_FAMILY = "1,2";
			};
			name = Debug;
		};
		810F5EE82C3C85FD001AD056 /* Release */ = {
			isa = XCBuildConfiguration;
			buildSettings = {
				ASSETCATALOG_COMPILER_GLOBAL_ACCENT_COLOR_NAME = AccentColor;
				ASSETCATALOG_COMPILER_WIDGET_BACKGROUND_COLOR_NAME = WidgetBackground;
				CODE_SIGN_ENTITLEMENTS = ThingWidgetExtension.entitlements;
				CODE_SIGN_STYLE = Automatic;
				CURRENT_PROJECT_VERSION = 1;
				DEVELOPMENT_TEAM = 5978XLQ85J;
				GENERATE_INFOPLIST_FILE = YES;
				INFOPLIST_FILE = ThingWidget/Info.plist;
				INFOPLIST_KEY_CFBundleDisplayName = ThingWidget;
				INFOPLIST_KEY_NSHumanReadableCopyright = "";
				LD_RUNPATH_SEARCH_PATHS = (
					"$(inherited)",
					"@executable_path/Frameworks",
					"@executable_path/../../Frameworks",
				);
				MARKETING_VERSION = 1.0;
				PRODUCT_BUNDLE_IDENTIFIER = codefruit.SwiftDataWidget.ThingWidget;
				PRODUCT_NAME = "$(TARGET_NAME)";
				SKIP_INSTALL = YES;
				SWIFT_EMIT_LOC_STRINGS = YES;
				SWIFT_VERSION = 5.0;
				TARGETED_DEVICE_FAMILY = "1,2";
			};
			name = Release;
		};
/* End XCBuildConfiguration section */

/* Begin XCConfigurationList section */
		810F5EB32C3C4F8C001AD056 /* Build configuration list for PBXProject "SwiftDataWidget" */ = {
			isa = XCConfigurationList;
			buildConfigurations = (
				810F5EC42C3C4F8D001AD056 /* Debug */,
				810F5EC52C3C4F8D001AD056 /* Release */,
			);
			defaultConfigurationIsVisible = 0;
			defaultConfigurationName = Release;
		};
		810F5EC62C3C4F8D001AD056 /* Build configuration list for PBXNativeTarget "SwiftDataWidget" */ = {
			isa = XCConfigurationList;
			buildConfigurations = (
				810F5EC72C3C4F8D001AD056 /* Debug */,
				810F5EC82C3C4F8D001AD056 /* Release */,
			);
			defaultConfigurationIsVisible = 0;
			defaultConfigurationName = Release;
		};
		810F5EE62C3C85FD001AD056 /* Build configuration list for PBXNativeTarget "ThingWidgetExtension" */ = {
			isa = XCConfigurationList;
			buildConfigurations = (
				810F5EE72C3C85FD001AD056 /* Debug */,
				810F5EE82C3C85FD001AD056 /* Release */,
			);
			defaultConfigurationIsVisible = 0;
			defaultConfigurationName = Release;
		};
/* End XCConfigurationList section */
	};
	rootObject = 810F5EB02C3C4F8C001AD056 /* Project object */;
}
